
Microsoft Visual Studio Solution File, Format Version 12.00
Project("{2150E333-8FDC-42A3-9474-1A3956D46DE8}") = "BusinessLogicLayer", "BusinessLogicLayer", "{48D921FE-04DC-45DF-AB7C-73053AECFF82}"
EndProject
Project("{2150E333-8FDC-42A3-9474-1A3956D46DE8}") = "DataAccessLayer", "DataAccessLayer", "{443DEF04-2B9B-4984-840C-C39AF79B332E}"
EndProject
Project("{2150E333-8FDC-42A3-9474-1A3956D46DE8}") = "Common", "Common", "{F3A6113C-0791-42F8-9606-AD9D103539E4}"
EndProject
Project("{2150E333-8FDC-42A3-9474-1A3956D46DE8}") = "PresentaionLayer", "PresentaionLayer", "{7B623CB9-80F4-4806-9D4F-3FBF4F2BED5E}"
EndProject
Project("{FAE04EC0-301F-11D3-BF4B-00C04F79EFBC}") = "MyNote.Model", "MyNote.Model\MyNote.Model.csproj", "{8710BB4F-90E8-495C-94BA-B002BE9E69D2}"
EndProject
Project("{FAE04EC0-301F-11D3-BF4B-00C04F79EFBC}") = "MyNote.IDAL", "MyNote.IDAL\MyNote.IDAL.csproj", "{13EB8D2D-B191-4E99-8559-DC2CD9449532}"
EndProject
Project("{FAE04EC0-301F-11D3-BF4B-00C04F79EFBC}") = "MyNote.MSSQL.DAL", "MyNote.MSSQL.DAL\MyNote.MSSQL.DAL.csproj", "{FB668607-D1D7-4F2A-B30F-C24FB2AAA4DA}"
EndProject
Project("{FAE04EC0-301F-11D3-BF4B-00C04F79EFBC}") = "MyNote.Oracle.DAL", "MyNote.Oracle.DAL\MyNote.Oracle.DAL.csproj", "{77EE69F3-7178-40D1-BE25-090F36B35435}"
EndProject
Project("{FAE04EC0-301F-11D3-BF4B-00C04F79EFBC}") = "MyNote.BLL", "MyNote.BLL\MyNote.BLL.csproj", "{566E38C7-4952-4F28-9430-3DBDA2A6DFC3}"
EndProject
Project("{FAE04EC0-301F-11D3-BF4B-00C04F79EFBC}") = "MyNote.MVC", "MyNote.MVC\MyNote.MVC.csproj", "{0169CDEF-AF49-4FC9-A2DD-90FF22988AC1}"
EndProject
Global
	GlobalSection(SolutionConfigurationPlatforms) = preSolution
		Debug|Any CPU = Debug|Any CPU
		Release|Any CPU = Release|Any CPU
	EndGlobalSection
	GlobalSection(NestedProjects) = preSolution
		{8710BB4F-90E8-495C-94BA-B002BE9E69D2} = {F3A6113C-0791-42F8-9606-AD9D103539E4}
		{13EB8D2D-B191-4E99-8559-DC2CD9449532} = {443DEF04-2B9B-4984-840C-C39AF79B332E}
		{FB668607-D1D7-4F2A-B30F-C24FB2AAA4DA} = {443DEF04-2B9B-4984-840C-C39AF79B332E}
		{77EE69F3-7178-40D1-BE25-090F36B35435} = {443DEF04-2B9B-4984-840C-C39AF79B332E}
		{566E38C7-4952-4F28-9430-3DBDA2A6DFC3} = {48D921FE-04DC-45DF-AB7C-73053AECFF82}
		{0169CDEF-AF49-4FC9-A2DD-90FF22988AC1} = {7B623CB9-80F4-4806-9D4F-3FBF4F2BED5E}
	EndGlobalSection
	GlobalSection(ProjectConfigurationPlatforms) = postSolution
		{8710BB4F-90E8-495C-94BA-B002BE9E69D2}.Debug|Any CPU.ActiveCfg = Debug|Any CPU
		{8710BB4F-90E8-495C-94BA-B002BE9E69D2}.Debug|Any CPU.Build.0 = Debug|Any CPU
		{8710BB4F-90E8-495C-94BA-B002BE9E69D2}.Release|Any CPU.ActiveCfg = Release|Any CPU
		{8710BB4F-90E8-495C-94BA-B002BE9E69D2}.Release|Any CPU.Build.0 = Release|Any CPU
		{13EB8D2D-B191-4E99-8559-DC2CD9449532}.Debug|Any CPU.ActiveCfg = Debug|Any CPU
		{13EB8D2D-B191-4E99-8559-DC2CD9449532}.Debug|Any CPU.Build.0 = Debug|Any CPU
		{13EB8D2D-B191-4E99-8559-DC2CD9449532}.Release|Any CPU.ActiveCfg = Release|Any CPU
		{13EB8D2D-B191-4E99-8559-DC2CD9449532}.Release|Any CPU.Build.0 = Release|Any CPU
		{FB668607-D1D7-4F2A-B30F-C24FB2AAA4DA}.Debug|Any CPU.ActiveCfg = Debug|Any CPU
		{FB668607-D1D7-4F2A-B30F-C24FB2AAA4DA}.Debug|Any CPU.Build.0 = Debug|Any CPU
		{FB668607-D1D7-4F2A-B30F-C24FB2AAA4DA}.Release|Any CPU.ActiveCfg = Release|Any CPU
		{FB668607-D1D7-4F2A-B30F-C24FB2AAA4DA}.Release|Any CPU.Build.0 = Release|Any CPU
		{77EE69F3-7178-40D1-BE25-090F36B35435}.Debug|Any CPU.ActiveCfg = Debug|Any CPU
		{77EE69F3-7178-40D1-BE25-090F36B35435}.Debug|Any CPU.Build.0 = Debug|Any CPU
		{77EE69F3-7178-40D1-BE25-090F36B35435}.Release|Any CPU.ActiveCfg = Release|Any CPU
		{77EE69F3-7178-40D1-BE25-090F36B35435}.Release|Any CPU.Build.0 = Release|Any CPU
		{566E38C7-4952-4F28-9430-3DBDA2A6DFC3}.Debug|Any CPU.ActiveCfg = Debug|Any CPU
		{566E38C7-4952-4F28-9430-3DBDA2A6DFC3}.Debug|Any CPU.Build.0 = Debug|Any CPU
		{566E38C7-4952-4F28-9430-3DBDA2A6DFC3}.Release|Any CPU.ActiveCfg = Release|Any CPU
		{566E38C7-4952-4F28-9430-3DBDA2A6DFC3}.Release|Any CPU.Build.0 = Release|Any CPU
		{0169CDEF-AF49-4FC9-A2DD-90FF22988AC1}.Debug|Any CPU.ActiveCfg = Debug|Any CPU
		{0169CDEF-AF49-4FC9-A2DD-90FF22988AC1}.Debug|Any CPU.Build.0 = Debug|Any CPU
		{0169CDEF-AF49-4FC9-A2DD-90FF22988AC1}.Release|Any CPU.ActiveCfg = Release|Any CPU
		{0169CDEF-AF49-4FC9-A2DD-90FF22988AC1}.Release|Any CPU.Build.0 = Release|Any CPU
	EndGlobalSection
EndGlobal
